PODS:
  - AgoraRtcEngine_iOS (3.7.0.3):
    - AgoraRtcEngine_iOS/AINS (= 3.7.0.3)
    - AgoraRtcEngine_iOS/AV1Dec (= 3.7.0.3)
    - AgoraRtcEngine_iOS/ContentInspect (= 3.7.0.3)
    - AgoraRtcEngine_iOS/FullAudioFormat (= 3.7.0.3)
    - AgoraRtcEngine_iOS/ReplayKit (= 3.7.0.3)
    - AgoraRtcEngine_iOS/ROIEnc (= 3.7.0.3)
    - AgoraRtcEngine_iOS/RtcBasic (= 3.7.0.3)
    - AgoraRtcEngine_iOS/SpatialAudio (= 3.7.0.3)
    - AgoraRtcEngine_iOS/SuperResolution (= 3.7.0.3)
    - AgoraRtcEngine_iOS/VideoPreprocess (= 3.7.0.3)
    - AgoraRtcEngine_iOS/VirtualBackground (= 3.7.0.3)
  - AgoraRtcEngine_iOS/AINS (3.7.0.3)
  - AgoraRtcEngine_iOS/AV1Dec (3.7.0.3)
  - AgoraRtcEngine_iOS/ContentInspect (3.7.0.3)
  - AgoraRtcEngine_iOS/FullAudioFormat (3.7.0.3)
  - AgoraRtcEngine_iOS/ReplayKit (3.7.0.3)
  - AgoraRtcEngine_iOS/ROIEnc (3.7.0.3)
  - AgoraRtcEngine_iOS/RtcBasic (3.7.0.3)
  - AgoraRtcEngine_iOS/SpatialAudio (3.7.0.3)
  - AgoraRtcEngine_iOS/SuperResolution (3.7.0.3)
  - AgoraRtcEngine_iOS/VideoPreprocess (3.7.0.3)
  - AgoraRtcEngine_iOS/VirtualBackground (3.7.0.3)

DEPENDENCIES:
  - AgoraRtcEngine_iOS

SPEC REPOS:
  trunk:
    - AgoraRtcEngine_iOS

SPEC CHECKSUMS:
  AgoraRtcEngine_iOS: 549bb3853d5afb18fabca4197786f39f31141da8

PODFILE CHECKSUM: 61ad622e6ddf07c11c24aad2ec889bc35b82b9ce

COCOAPODS: 1.11.3
